
Microsoft Visual Studio Solution File, Format Version 12.00
Project("{FAE04EC0-301F-11D3-BF4B-00C04F79EFBC}") = "AdventOfCode2020", "AdventOfCode2020\AdventOfCode2020.csproj", "{0C046168-0417-480A-86DC-BA19E707BFA6}"
EndProject
Global
	GlobalSection(SolutionConfigurationPlatforms) = preSolution
		Debug|Any CPU = Debug|Any CPU
		Release|Any CPU = Release|Any CPU
	EndGlobalSection
	GlobalSection(ProjectConfigurationPlatforms) = postSolution
		{0C046168-0417-480A-86DC-BA19E707BFA6}.Debug|Any CPU.ActiveCfg = Debug|Any CPU
		{0C046168-0417-480A-86DC-BA19E707BFA6}.Debug|Any CPU.Build.0 = Debug|Any CPU
		{0C046168-0417-480A-86DC-BA19E707BFA6}.Release|Any CPU.ActiveCfg = Release|Any CPU
		{0C046168-0417-480A-86DC-BA19E707BFA6}.Release|Any CPU.Build.0 = Release|Any CPU
	EndGlobalSection
EndGlobal
